<?xml version="1.0" encoding="UTF-8"?>
<!DOCTYPE plist PUBLIC "-//Apple//DTD PLIST 1.0//EN" "http://www.apple.com/DTDs/PropertyList-1.0.dtd">
<plist version="1.0">
<dict>
	<key>archiveVersion</key>
	<string>1</string>
	<key>classes</key>
	<dict/>
	<key>objectVersion</key>
	<string>46</string>
	<key>objects</key>
	<dict>
		<key>3C80328A125B4CEAA9D801FD</key>
		<dict>
			<key>explicitFileType</key>
			<string>archive.ar</string>
			<key>includeInIndex</key>
			<string>0</string>
			<key>isa</key>
			<string>PBXFileReference</string>
			<key>path</key>
			<string>libPods.a</string>
			<key>sourceTree</key>
			<string>BUILT_PRODUCTS_DIR</string>
		</dict>
		<key>610175AA314B4959B6F6B270</key>
		<dict>
			<key>buildActionMask</key>
			<string>2147483647</string>
			<key>files</key>
			<array/>
			<key>inputPaths</key>
			<array/>
			<key>isa</key>
			<string>PBXShellScriptBuildPhase</string>
			<key>name</key>
			<string>Check Pods Manifest.lock</string>
			<key>outputPaths</key>
			<array/>
			<key>runOnlyForDeploymentPostprocessing</key>
			<string>0</string>
			<key>shellPath</key>
			<string>/bin/sh</string>
			<key>shellScript</key>
			<string>diff "${PODS_ROOT}/../Podfile.lock" "${PODS_ROOT}/Manifest.lock" &gt; /dev/null
if [[ $? != 0 ]] ; then
    cat &lt;&lt; EOM
error: The sandbox is not in sync with the Podfile.lock. Run 'pod install' or update your CocoaPods installation.
EOM
    exit 1
fi
</string>
			<key>showEnvVarsInLog</key>
			<string>0</string>
		</dict>
		<key>89A844B0CE484752A88E4851</key>
		<dict>
			<key>buildActionMask</key>
			<string>2147483647</string>
			<key>files</key>
			<array/>
			<key>inputPaths</key>
			<array/>
			<key>isa</key>
			<string>PBXShellScriptBuildPhase</string>
			<key>name</key>
			<string>Copy Pods Resources</string>
			<key>outputPaths</key>
			<array/>
			<key>runOnlyForDeploymentPostprocessing</key>
			<string>0</string>
			<key>shellPath</key>
			<string>/bin/sh</string>
			<key>shellScript</key>
			<string>"${SRCROOT}/Pods/Pods-resources.sh"
</string>
			<key>showEnvVarsInLog</key>
			<string>0</string>
		</dict>
		<key>A0531B60EDC34AAFB4DDBEDC</key>
		<dict>
			<key>includeInIndex</key>
			<string>1</string>
			<key>isa</key>
			<string>PBXFileReference</string>
			<key>lastKnownFileType</key>
			<string>text.xcconfig</string>
			<key>name</key>
			<string>Pods.xcconfig</string>
			<key>path</key>
			<string>Pods/Pods.xcconfig</string>
			<key>sourceTree</key>
			<string>&lt;group&gt;</string>
		</dict>
		<key>D4C93FD4186BE45100669027</key>
		<dict>
			<key>children</key>
			<array>
				<string>D4C93FE6186BE45200669027</string>
				<string>D4C93FFF186BE45200669027</string>
				<string>D4C93FDF186BE45100669027</string>
				<string>D4C93FDE186BE45100669027</string>
				<string>A0531B60EDC34AAFB4DDBEDC</string>
			</array>
			<key>isa</key>
			<string>PBXGroup</string>
			<key>sourceTree</key>
			<string>&lt;group&gt;</string>
		</dict>
		<key>D4C93FD5186BE45100669027</key>
		<dict>
			<key>attributes</key>
			<dict>
				<key>LastUpgradeCheck</key>
				<string>0500</string>
				<key>ORGANIZATIONNAME</key>
				<string>Kazuki Taniguchi</string>
				<key>TargetAttributes</key>
				<dict>
					<key>D4C93FF7186BE45200669027</key>
					<dict>
						<key>TestTargetID</key>
						<string>D4C93FDC186BE45100669027</string>
					</dict>
				</dict>
			</dict>
			<key>buildConfigurationList</key>
			<string>D4C93FD8186BE45100669027</string>
			<key>compatibilityVersion</key>
			<string>Xcode 3.2</string>
			<key>developmentRegion</key>
			<string>English</string>
			<key>hasScannedForEncodings</key>
			<string>0</string>
			<key>isa</key>
			<string>PBXProject</string>
			<key>knownRegions</key>
			<array>
				<string>en</string>
			</array>
			<key>mainGroup</key>
			<string>D4C93FD4186BE45100669027</string>
			<key>productRefGroup</key>
			<string>D4C93FDE186BE45100669027</string>
			<key>projectDirPath</key>
			<string></string>
			<key>projectReferences</key>
			<array/>
			<key>projectRoot</key>
			<string></string>
			<key>targets</key>
			<array>
				<string>D4C93FDC186BE45100669027</string>
				<string>D4C93FF7186BE45200669027</string>
			</array>
		</dict>
		<key>D4C93FD8186BE45100669027</key>
		<dict>
			<key>buildConfigurations</key>
			<array>
				<string>D4C94007186BE45200669027</string>
				<string>D4C94008186BE45200669027</string>
			</array>
			<key>defaultConfigurationIsVisible</key>
			<string>0</string>
			<key>defaultConfigurationName</key>
			<string>Release</string>
			<key>isa</key>
			<string>XCConfigurationList</string>
		</dict>
		<key>D4C93FD9186BE45100669027</key>
		<dict>
			<key>buildActionMask</key>
			<string>2147483647</string>
			<key>files</key>
			<array>
				<string>D4C94011186BE4EB00669027</string>
				<string>D4C93FF1186BE45200669027</string>
				<string>D4C93FED186BE45200669027</string>
			</array>
			<key>isa</key>
			<string>PBXSourcesBuildPhase</string>
			<key>runOnlyForDeploymentPostprocessing</key>
			<string>0</string>
		</dict>
		<key>D4C93FDA186BE45100669027</key>
		<dict>
			<key>buildActionMask</key>
			<string>2147483647</string>
			<key>files</key>
			<array>
				<string>D4C94013186BE67C00669027</string>
				<string>D4C93FE3186BE45100669027</string>
				<string>D4C93FE5186BE45200669027</string>
				<string>D4C93FE1186BE45100669027</string>
				<string>F3E03847D6B9498695562C90</string>
			</array>
			<key>isa</key>
			<string>PBXFrameworksBuildPhase</string>
			<key>runOnlyForDeploymentPostprocessing</key>
			<string>0</string>
		</dict>
		<key>D4C93FDB186BE45100669027</key>
		<dict>
			<key>buildActionMask</key>
			<string>2147483647</string>
			<key>files</key>
			<array>
				<string>D4C93FEB186BE45200669027</string>
				<string>D4C93FF3186BE45200669027</string>
			</array>
			<key>isa</key>
			<string>PBXResourcesBuildPhase</string>
			<key>runOnlyForDeploymentPostprocessing</key>
			<string>0</string>
		</dict>
		<key>D4C93FDC186BE45100669027</key>
		<dict>
			<key>buildConfigurationList</key>
			<string>D4C94009186BE45200669027</string>
			<key>buildPhases</key>
			<array>
				<string>610175AA314B4959B6F6B270</string>
				<string>D4C93FD9186BE45100669027</string>
				<string>D4C93FDA186BE45100669027</string>
				<string>D4C93FDB186BE45100669027</string>
				<string>89A844B0CE484752A88E4851</string>
			</array>
			<key>buildRules</key>
			<array/>
			<key>dependencies</key>
			<array/>
			<key>isa</key>
			<string>PBXNativeTarget</string>
			<key>name</key>
			<string>majikichishatter</string>
			<key>productName</key>
			<string>majikichishatter</string>
			<key>productReference</key>
			<string>D4C93FDD186BE45100669027</string>
			<key>productType</key>
			<string>com.apple.product-type.application</string>
		</dict>
		<key>D4C93FDD186BE45100669027</key>
		<dict>
			<key>explicitFileType</key>
			<string>wrapper.application</string>
			<key>includeInIndex</key>
			<string>0</string>
			<key>isa</key>
			<string>PBXFileReference</string>
			<key>path</key>
			<string>majikichishatter.app</string>
			<key>sourceTree</key>
			<string>BUILT_PRODUCTS_DIR</string>
		</dict>
		<key>D4C93FDE186BE45100669027</key>
		<dict>
			<key>children</key>
			<array>
				<string>D4C93FDD186BE45100669027</string>
				<string>D4C93FF8186BE45200669027</string>
			</array>
			<key>isa</key>
			<string>PBXGroup</string>
			<key>name</key>
			<string>Products</string>
			<key>sourceTree</key>
			<string>&lt;group&gt;</string>
		</dict>
		<key>D4C93FDF186BE45100669027</key>
		<dict>
			<key>children</key>
			<array>
				<string>D4C94012186BE67C00669027</string>
				<string>D4C93FE0186BE45100669027</string>
				<string>D4C93FE2186BE45100669027</string>
				<string>D4C93FE4186BE45200669027</string>
				<string>D4C93FF9186BE45200669027</string>
				<string>3C80328A125B4CEAA9D801FD</string>
			</array>
			<key>isa</key>
			<string>PBXGroup</string>
			<key>name</key>
			<string>Frameworks</string>
			<key>sourceTree</key>
			<string>&lt;group&gt;</string>
		</dict>
		<key>D4C93FE0186BE45100669027</key>
		<dict>
			<key>isa</key>
			<string>PBXFileReference</string>
			<key>lastKnownFileType</key>
			<string>wrapper.framework</string>
			<key>name</key>
			<string>Foundation.framework</string>
			<key>path</key>
			<string>System/Library/Frameworks/Foundation.framework</string>
			<key>sourceTree</key>
			<string>SDKROOT</string>
		</dict>
		<key>D4C93FE1186BE45100669027</key>
		<dict>
			<key>fileRef</key>
			<string>D4C93FE0186BE45100669027</string>
			<key>isa</key>
			<string>PBXBuildFile</string>
		</dict>
		<key>D4C93FE2186BE45100669027</key>
		<dict>
			<key>isa</key>
			<string>PBXFileReference</string>
			<key>lastKnownFileType</key>
			<string>wrapper.framework</string>
			<key>name</key>
			<string>CoreGraphics.framework</string>
			<key>path</key>
			<string>System/Library/Frameworks/CoreGraphics.framework</string>
			<key>sourceTree</key>
			<string>SDKROOT</string>
		</dict>
		<key>D4C93FE3186BE45100669027</key>
		<dict>
			<key>fileRef</key>
			<string>D4C93FE2186BE45100669027</string>
			<key>isa</key>
			<string>PBXBuildFile</string>
		</dict>
		<key>D4C93FE4186BE45200669027</key>
		<dict>
			<key>isa</key>
			<string>PBXFileReference</string>
			<key>lastKnownFileType</key>
			<string>wrapper.framework</string>
			<key>name</key>
			<string>UIKit.framework</string>
			<key>path</key>
			<string>System/Library/Frameworks/UIKit.framework</string>
			<key>sourceTree</key>
			<string>SDKROOT</string>
		</dict>
		<key>D4C93FE5186BE45200669027</key>
		<dict>
			<key>fileRef</key>
			<string>D4C93FE4186BE45200669027</string>
			<key>isa</key>
			<string>PBXBuildFile</string>
		</dict>
		<key>D4C93FE6186BE45200669027</key>
		<dict>
			<key>children</key>
			<array>
				<string>D4C93FEF186BE45200669027</string>
				<string>D4C93FF0186BE45200669027</string>
				<string>D4C9400F186BE4EB00669027</string>
				<string>D4C94010186BE4EB00669027</string>
				<string>D4C93FF2186BE45200669027</string>
				<string>D4C93FE7186BE45200669027</string>
			</array>
			<key>isa</key>
			<string>PBXGroup</string>
			<key>path</key>
			<string>majikichishatter</string>
			<key>sourceTree</key>
			<string>&lt;group&gt;</string>
		</dict>
		<key>D4C93FE7186BE45200669027</key>
		<dict>
			<key>children</key>
			<array>
				<string>D4C93FE8186BE45200669027</string>
				<string>D4C93FE9186BE45200669027</string>
				<string>D4C93FEC186BE45200669027</string>
				<string>D4C93FEE186BE45200669027</string>
			</array>
			<key>isa</key>
			<string>PBXGroup</string>
			<key>name</key>
			<string>Supporting Files</string>
			<key>sourceTree</key>
			<string>&lt;group&gt;</string>
		</dict>
		<key>D4C93FE8186BE45200669027</key>
		<dict>
			<key>isa</key>
			<string>PBXFileReference</string>
			<key>lastKnownFileType</key>
			<string>text.plist.xml</string>
			<key>path</key>
			<string>majikichishatter-Info.plist</string>
			<key>sourceTree</key>
			<string>&lt;group&gt;</string>
		</dict>
		<key>D4C93FE9186BE45200669027</key>
		<dict>
			<key>children</key>
			<array>
				<string>D4C93FEA186BE45200669027</string>
			</array>
			<key>isa</key>
			<string>PBXVariantGroup</string>
			<key>name</key>
			<string>InfoPlist.strings</string>
			<key>sourceTree</key>
			<string>&lt;group&gt;</string>
		</dict>
		<key>D4C93FEA186BE45200669027</key>
		<dict>
			<key>isa</key>
			<string>PBXFileReference</string>
			<key>lastKnownFileType</key>
			<string>text.plist.strings</string>
			<key>name</key>
			<string>en</string>
			<key>path</key>
			<string>en.lproj/InfoPlist.strings</string>
			<key>sourceTree</key>
			<string>&lt;group&gt;</string>
		</dict>
		<key>D4C93FEB186BE45200669027</key>
		<dict>
			<key>fileRef</key>
			<string>D4C93FE9186BE45200669027</string>
			<key>isa</key>
			<string>PBXBuildFile</string>
		</dict>
		<key>D4C93FEC186BE45200669027</key>
		<dict>
			<key>isa</key>
			<string>PBXFileReference</string>
			<key>lastKnownFileType</key>
			<string>sourcecode.c.objc</string>
			<key>path</key>
			<string>main.m</string>
			<key>sourceTree</key>
			<string>&lt;group&gt;</string>
		</dict>
		<key>D4C93FED186BE45200669027</key>
		<dict>
			<key>fileRef</key>
			<string>D4C93FEC186BE45200669027</string>
			<key>isa</key>
			<string>PBXBuildFile</string>
		</dict>
		<key>D4C93FEE186BE45200669027</key>
		<dict>
			<key>isa</key>
			<string>PBXFileReference</string>
			<key>lastKnownFileType</key>
			<string>sourcecode.c.h</string>
			<key>path</key>
			<string>majikichishatter-Prefix.pch</string>
			<key>sourceTree</key>
			<string>&lt;group&gt;</string>
		</dict>
		<key>D4C93FEF186BE45200669027</key>
		<dict>
			<key>isa</key>
			<string>PBXFileReference</string>
			<key>lastKnownFileType</key>
			<string>sourcecode.c.h</string>
			<key>path</key>
			<string>AppDelegate.h</string>
			<key>sourceTree</key>
			<string>&lt;group&gt;</string>
		</dict>
		<key>D4C93FF0186BE45200669027</key>
		<dict>
			<key>isa</key>
			<string>PBXFileReference</string>
			<key>lastKnownFileType</key>
			<string>sourcecode.c.objc</string>
			<key>path</key>
			<string>AppDelegate.m</string>
			<key>sourceTree</key>
			<string>&lt;group&gt;</string>
		</dict>
		<key>D4C93FF1186BE45200669027</key>
		<dict>
			<key>fileRef</key>
			<string>D4C93FF0186BE45200669027</string>
			<key>isa</key>
			<string>PBXBuildFile</string>
		</dict>
		<key>D4C93FF2186BE45200669027</key>
		<dict>
			<key>isa</key>
			<string>PBXFileReference</string>
			<key>lastKnownFileType</key>
			<string>folder.assetcatalog</string>
			<key>path</key>
			<string>Images.xcassets</string>
			<key>sourceTree</key>
			<string>&lt;group&gt;</string>
		</dict>
		<key>D4C93FF3186BE45200669027</key>
		<dict>
			<key>fileRef</key>
			<string>D4C93FF2186BE45200669027</string>
			<key>isa</key>
			<string>PBXBuildFile</string>
		</dict>
		<key>D4C93FF4186BE45200669027</key>
		<dict>
			<key>buildActionMask</key>
			<string>2147483647</string>
			<key>files</key>
			<array>
				<string>D4C94006186BE45200669027</string>
			</array>
			<key>isa</key>
			<string>PBXSourcesBuildPhase</string>
			<key>runOnlyForDeploymentPostprocessing</key>
			<string>0</string>
		</dict>
		<key>D4C93FF5186BE45200669027</key>
		<dict>
			<key>buildActionMask</key>
			<string>2147483647</string>
			<key>files</key>
			<array>
				<string>D4C93FFA186BE45200669027</string>
				<string>D4C93FFC186BE45200669027</string>
				<string>D4C93FFB186BE45200669027</string>
			</array>
			<key>isa</key>
			<string>PBXFrameworksBuildPhase</string>
			<key>runOnlyForDeploymentPostprocessing</key>
			<string>0</string>
		</dict>
		<key>D4C93FF6186BE45200669027</key>
		<dict>
			<key>buildActionMask</key>
			<string>2147483647</string>
			<key>files</key>
			<array>
				<string>D4C94004186BE45200669027</string>
			</array>
			<key>isa</key>
			<string>PBXResourcesBuildPhase</string>
			<key>runOnlyForDeploymentPostprocessing</key>
			<string>0</string>
		</dict>
		<key>D4C93FF7186BE45200669027</key>
		<dict>
			<key>buildConfigurationList</key>
			<string>D4C9400C186BE45200669027</string>
			<key>buildPhases</key>
			<array>
				<string>D4C93FF4186BE45200669027</string>
				<string>D4C93FF5186BE45200669027</string>
				<string>D4C93FF6186BE45200669027</string>
			</array>
			<key>buildRules</key>
			<array/>
			<key>dependencies</key>
			<array>
				<string>D4C93FFE186BE45200669027</string>
			</array>
			<key>isa</key>
			<string>PBXNativeTarget</string>
			<key>name</key>
			<string>majikichishatterTests</string>
			<key>productName</key>
			<string>majikichishatterTests</string>
			<key>productReference</key>
			<string>D4C93FF8186BE45200669027</string>
			<key>productType</key>
			<string>com.apple.product-type.bundle.unit-test</string>
		</dict>
		<key>D4C93FF8186BE45200669027</key>
		<dict>
			<key>explicitFileType</key>
			<string>wrapper.cfbundle</string>
			<key>includeInIndex</key>
			<string>0</string>
			<key>isa</key>
			<string>PBXFileReference</string>
			<key>path</key>
			<string>majikichishatterTests.xctest</string>
			<key>sourceTree</key>
			<string>BUILT_PRODUCTS_DIR</string>
		</dict>
		<key>D4C93FF9186BE45200669027</key>
		<dict>
			<key>isa</key>
			<string>PBXFileReference</string>
			<key>lastKnownFileType</key>
			<string>wrapper.framework</string>
			<key>name</key>
			<string>XCTest.framework</string>
			<key>path</key>
			<string>Library/Frameworks/XCTest.framework</string>
			<key>sourceTree</key>
			<string>DEVELOPER_DIR</string>
		</dict>
		<key>D4C93FFA186BE45200669027</key>
		<dict>
			<key>fileRef</key>
			<string>D4C93FF9186BE45200669027</string>
			<key>isa</key>
			<string>PBXBuildFile</string>
		</dict>
		<key>D4C93FFB186BE45200669027</key>
		<dict>
			<key>fileRef</key>
			<string>D4C93FE0186BE45100669027</string>
			<key>isa</key>
			<string>PBXBuildFile</string>
		</dict>
		<key>D4C93FFC186BE45200669027</key>
		<dict>
			<key>fileRef</key>
			<string>D4C93FE4186BE45200669027</string>
			<key>isa</key>
			<string>PBXBuildFile</string>
		</dict>
		<key>D4C93FFD186BE45200669027</key>
		<dict>
			<key>containerPortal</key>
			<string>D4C93FD5186BE45100669027</string>
			<key>isa</key>
			<string>PBXContainerItemProxy</string>
			<key>proxyType</key>
			<string>1</string>
			<key>remoteGlobalIDString</key>
			<string>D4C93FDC186BE45100669027</string>
			<key>remoteInfo</key>
			<string>majikichishatter</string>
		</dict>
		<key>D4C93FFE186BE45200669027</key>
		<dict>
			<key>isa</key>
			<string>PBXTargetDependency</string>
			<key>target</key>
			<string>D4C93FDC186BE45100669027</string>
			<key>targetProxy</key>
			<string>D4C93FFD186BE45200669027</string>
		</dict>
		<key>D4C93FFF186BE45200669027</key>
		<dict>
			<key>children</key>
			<array>
				<string>D4C94005186BE45200669027</string>
				<string>D4C94000186BE45200669027</string>
			</array>
			<key>isa</key>
			<string>PBXGroup</string>
			<key>path</key>
			<string>majikichishatterTests</string>
			<key>sourceTree</key>
			<string>&lt;group&gt;</string>
		</dict>
		<key>D4C94000186BE45200669027</key>
		<dict>
			<key>children</key>
			<array>
				<string>D4C94001186BE45200669027</string>
				<string>D4C94002186BE45200669027</string>
			</array>
			<key>isa</key>
			<string>PBXGroup</string>
			<key>name</key>
			<string>Supporting Files</string>
			<key>sourceTree</key>
			<string>&lt;group&gt;</string>
		</dict>
		<key>D4C94001186BE45200669027</key>
		<dict>
			<key>isa</key>
			<string>PBXFileReference</string>
			<key>lastKnownFileType</key>
			<string>text.plist.xml</string>
			<key>path</key>
			<string>majikichishatterTests-Info.plist</string>
			<key>sourceTree</key>
			<string>&lt;group&gt;</string>
		</dict>
		<key>D4C94002186BE45200669027</key>
		<dict>
			<key>children</key>
			<array>
				<string>D4C94003186BE45200669027</string>
			</array>
			<key>isa</key>
			<string>PBXVariantGroup</string>
			<key>name</key>
			<string>InfoPlist.strings</string>
			<key>sourceTree</key>
			<string>&lt;group&gt;</string>
		</dict>
		<key>D4C94003186BE45200669027</key>
		<dict>
			<key>isa</key>
			<string>PBXFileReference</string>
			<key>lastKnownFileType</key>
			<string>text.plist.strings</string>
			<key>name</key>
			<string>en</string>
			<key>path</key>
			<string>en.lproj/InfoPlist.strings</string>
			<key>sourceTree</key>
			<string>&lt;group&gt;</string>
		</dict>
		<key>D4C94004186BE45200669027</key>
		<dict>
			<key>fileRef</key>
			<string>D4C94002186BE45200669027</string>
			<key>isa</key>
			<string>PBXBuildFile</string>
		</dict>
		<key>D4C94005186BE45200669027</key>
		<dict>
			<key>isa</key>
			<string>PBXFileReference</string>
			<key>lastKnownFileType</key>
			<string>sourcecode.c.objc</string>
			<key>path</key>
			<string>majikichishatterTests.m</string>
			<key>sourceTree</key>
			<string>&lt;group&gt;</string>
		</dict>
		<key>D4C94006186BE45200669027</key>
		<dict>
			<key>fileRef</key>
			<string>D4C94005186BE45200669027</string>
			<key>isa</key>
			<string>PBXBuildFile</string>
		</dict>
		<key>D4C94007186BE45200669027</key>
		<dict>
			<key>buildSettings</key>
			<dict>
				<key>ALWAYS_SEARCH_USER_PATHS</key>
				<string>NO</string>
				<key>ARCHS</key>
				<string>$(ARCHS_STANDARD_INCLUDING_64_BIT)</string>
				<key>CLANG_CXX_LANGUAGE_STANDARD</key>
				<string>compiler-default</string>
				<key>CLANG_CXX_LIBRARY</key>
				<string>compiler-default</string>
				<key>CLANG_ENABLE_MODULES</key>
				<string>YES</string>
				<key>CLANG_ENABLE_OBJC_ARC</key>
				<string>YES</string>
				<key>CLANG_WARN_BOOL_CONVERSION</key>
				<string>YES</string>
				<key>CLANG_WARN_CONSTANT_CONVERSION</key>
				<string>YES</string>
				<key>CLANG_WARN_DIRECT_OBJC_ISA_USAGE</key>
				<string>YES_ERROR</string>
				<key>CLANG_WARN_EMPTY_BODY</key>
				<string>YES</string>
				<key>CLANG_WARN_ENUM_CONVERSION</key>
				<string>YES</string>
				<key>CLANG_WARN_INT_CONVERSION</key>
				<string>YES</string>
				<key>CLANG_WARN_OBJC_ROOT_CLASS</key>
				<string>YES_ERROR</string>
				<key>CLANG_WARN__DUPLICATE_METHOD_MATCH</key>
				<string>YES</string>
				<key>CODE_SIGN_IDENTITY[sdk=iphoneos*]</key>
				<string>iPhone Developer</string>
				<key>COPY_PHASE_STRIP</key>
				<string>NO</string>
				<key>GCC_C_LANGUAGE_STANDARD</key>
				<string>gnu99</string>
				<key>GCC_DYNAMIC_NO_PIC</key>
				<string>NO</string>
				<key>GCC_OPTIMIZATION_LEVEL</key>
				<string>0</string>
				<key>GCC_PREPROCESSOR_DEFINITIONS</key>
				<array>
					<string>DEBUG=1</string>
					<string>$(inherited)</string>
				</array>
				<key>GCC_SYMBOLS_PRIVATE_EXTERN</key>
				<string>NO</string>
				<key>GCC_WARN_64_TO_32_BIT_CONVERSION</key>
				<string>YES</string>
				<key>GCC_WARN_ABOUT_RETURN_TYPE</key>
				<string>YES_ERROR</string>
				<key>GCC_WARN_UNDECLARED_SELECTOR</key>
				<string>YES</string>
				<key>GCC_WARN_UNINITIALIZED_AUTOS</key>
				<string>YES</string>
				<key>GCC_WARN_UNUSED_FUNCTION</key>
				<string>YES</string>
				<key>GCC_WARN_UNUSED_VARIABLE</key>
				<string>YES</string>
				<key>IPHONEOS_DEPLOYMENT_TARGET</key>
				<string>7.0</string>
				<key>ONLY_ACTIVE_ARCH</key>
				<string>YES</string>
				<key>SDKROOT</key>
				<string>iphoneos</string>
				<key>TARGETED_DEVICE_FAMILY</key>
				<string>1,2</string>
			</dict>
			<key>isa</key>
			<string>XCBuildConfiguration</string>
			<key>name</key>
			<string>Debug</string>
		</dict>
		<key>D4C94008186BE45200669027</key>
		<dict>
			<key>buildSettings</key>
			<dict>
				<key>ALWAYS_SEARCH_USER_PATHS</key>
				<string>NO</string>
				<key>ARCHS</key>
				<string>$(ARCHS_STANDARD_INCLUDING_64_BIT)</string>
				<key>CLANG_CXX_LANGUAGE_STANDARD</key>
				<string>compiler-default</string>
				<key>CLANG_CXX_LIBRARY</key>
				<string>compiler-default</string>
				<key>CLANG_ENABLE_MODULES</key>
				<string>YES</string>
				<key>CLANG_ENABLE_OBJC_ARC</key>
				<string>YES</string>
				<key>CLANG_WARN_BOOL_CONVERSION</key>
				<string>YES</string>
				<key>CLANG_WARN_CONSTANT_CONVERSION</key>
				<string>YES</string>
				<key>CLANG_WARN_DIRECT_OBJC_ISA_USAGE</key>
				<string>YES_ERROR</string>
				<key>CLANG_WARN_EMPTY_BODY</key>
				<string>YES</string>
				<key>CLANG_WARN_ENUM_CONVERSION</key>
				<string>YES</string>
				<key>CLANG_WARN_INT_CONVERSION</key>
				<string>YES</string>
				<key>CLANG_WARN_OBJC_ROOT_CLASS</key>
				<string>YES_ERROR</string>
				<key>CLANG_WARN__DUPLICATE_METHOD_MATCH</key>
				<string>YES</string>
				<key>CODE_SIGN_IDENTITY[sdk=iphoneos*]</key>
				<string>iPhone Developer</string>
				<key>COPY_PHASE_STRIP</key>
				<string>YES</string>
				<key>ENABLE_NS_ASSERTIONS</key>
				<string>NO</string>
				<key>GCC_C_LANGUAGE_STANDARD</key>
				<string>gnu99</string>
				<key>GCC_WARN_64_TO_32_BIT_CONVERSION</key>
				<string>YES</string>
				<key>GCC_WARN_ABOUT_RETURN_TYPE</key>
				<string>YES_ERROR</string>
				<key>GCC_WARN_UNDECLARED_SELECTOR</key>
				<string>YES</string>
				<key>GCC_WARN_UNINITIALIZED_AUTOS</key>
				<string>YES</string>
				<key>GCC_WARN_UNUSED_FUNCTION</key>
				<string>YES</string>
				<key>GCC_WARN_UNUSED_VARIABLE</key>
				<string>YES</string>
				<key>IPHONEOS_DEPLOYMENT_TARGET</key>
				<string>7.0</string>
				<key>SDKROOT</key>
				<string>iphoneos</string>
				<key>TARGETED_DEVICE_FAMILY</key>
				<string>1,2</string>
				<key>VALIDATE_PRODUCT</key>
				<string>YES</string>
			</dict>
			<key>isa</key>
			<string>XCBuildConfiguration</string>
			<key>name</key>
			<string>Release</string>
		</dict>
		<key>D4C94009186BE45200669027</key>
		<dict>
			<key>buildConfigurations</key>
			<array>
				<string>D4C9400A186BE45200669027</string>
				<string>D4C9400B186BE45200669027</string>
			</array>
			<key>defaultConfigurationIsVisible</key>
			<string>0</string>
			<key>isa</key>
			<string>XCConfigurationList</string>
		</dict>
		<key>D4C9400A186BE45200669027</key>
		<dict>
			<key>baseConfigurationReference</key>
			<string>A0531B60EDC34AAFB4DDBEDC</string>
			<key>buildSettings</key>
			<dict>
				<key>ASSETCATALOG_COMPILER_APPICON_NAME</key>
				<string>AppIcon</string>
				<key>ASSETCATALOG_COMPILER_LAUNCHIMAGE_NAME</key>
				<string>LaunchImage</string>
				<key>FRAMEWORK_SEARCH_PATHS</key>
				<array>
					<string>$(inherited)</string>
					<string>/Users/Kazuki/dev/product/majikitishatter/majikichishatter/majikichishatter</string>
				</array>
				<key>GCC_PRECOMPILE_PREFIX_HEADER</key>
				<string>YES</string>
				<key>GCC_PREFIX_HEADER</key>
				<string>majikichishatter/majikichishatter-Prefix.pch</string>
				<key>INFOPLIST_FILE</key>
				<string>majikichishatter/majikichishatter-Info.plist</string>
				<key>PRODUCT_NAME</key>
				<string>$(TARGET_NAME)</string>
				<key>WRAPPER_EXTENSION</key>
				<string>app</string>
			</dict>
			<key>isa</key>
			<string>XCBuildConfiguration</string>
			<key>name</key>
			<string>Debug</string>
		</dict>
		<key>D4C9400B186BE45200669027</key>
		<dict>
			<key>baseConfigurationReference</key>
			<string>A0531B60EDC34AAFB4DDBEDC</string>
			<key>buildSettings</key>
			<dict>
				<key>ASSETCATALOG_COMPILER_APPICON_NAME</key>
				<string>AppIcon</string>
				<key>ASSETCATALOG_COMPILER_LAUNCHIMAGE_NAME</key>
				<string>LaunchImage</string>
				<key>FRAMEWORK_SEARCH_PATHS</key>
				<array>
					<string>$(inherited)</string>
					<string>/Users/Kazuki/dev/product/majikitishatter/majikichishatter/majikichishatter</string>
				</array>
				<key>GCC_PRECOMPILE_PREFIX_HEADER</key>
				<string>YES</string>
				<key>GCC_PREFIX_HEADER</key>
				<string>majikichishatter/majikichishatter-Prefix.pch</string>
				<key>INFOPLIST_FILE</key>
				<string>majikichishatter/majikichishatter-Info.plist</string>
				<key>PRODUCT_NAME</key>
				<string>$(TARGET_NAME)</string>
				<key>WRAPPER_EXTENSION</key>
				<string>app</string>
			</dict>
			<key>isa</key>
			<string>XCBuildConfiguration</string>
			<key>name</key>
			<string>Release</string>
		</dict>
		<key>D4C9400C186BE45200669027</key>
		<dict>
			<key>buildConfigurations</key>
			<array>
				<string>D4C9400D186BE45200669027</string>
				<string>D4C9400E186BE45200669027</string>
			</array>
			<key>defaultConfigurationIsVisible</key>
			<string>0</string>
			<key>isa</key>
			<string>XCConfigurationList</string>
		</dict>
		<key>D4C9400D186BE45200669027</key>
		<dict>
			<key>buildSettings</key>
			<dict>
				<key>ARCHS</key>
				<string>$(ARCHS_STANDARD_INCLUDING_64_BIT)</string>
				<key>BUNDLE_LOADER</key>
				<string>$(BUILT_PRODUCTS_DIR)/majikichishatter.app/majikichishatter</string>
				<key>FRAMEWORK_SEARCH_PATHS</key>
				<array>
					<string>$(SDKROOT)/Developer/Library/Frameworks</string>
					<string>$(inherited)</string>
					<string>$(DEVELOPER_FRAMEWORKS_DIR)</string>
				</array>
				<key>GCC_PRECOMPILE_PREFIX_HEADER</key>
				<string>YES</string>
				<key>GCC_PREFIX_HEADER</key>
				<string>majikichishatter/majikichishatter-Prefix.pch</string>
				<key>GCC_PREPROCESSOR_DEFINITIONS</key>
				<array>
					<string>DEBUG=1</string>
					<string>$(inherited)</string>
				</array>
				<key>INFOPLIST_FILE</key>
				<string>majikichishatterTests/majikichishatterTests-Info.plist</string>
				<key>PRODUCT_NAME</key>
				<string>$(TARGET_NAME)</string>
				<key>TEST_HOST</key>
				<string>$(BUNDLE_LOADER)</string>
				<key>WRAPPER_EXTENSION</key>
				<string>xctest</string>
			</dict>
			<key>isa</key>
			<string>XCBuildConfiguration</string>
			<key>name</key>
			<string>Debug</string>
		</dict>
		<key>D4C9400E186BE45200669027</key>
		<dict>
			<key>buildSettings</key>
			<dict>
				<key>ARCHS</key>
				<string>$(ARCHS_STANDARD_INCLUDING_64_BIT)</string>
				<key>BUNDLE_LOADER</key>
				<string>$(BUILT_PRODUCTS_DIR)/majikichishatter.app/majikichishatter</string>
				<key>FRAMEWORK_SEARCH_PATHS</key>
				<array>
					<string>$(SDKROOT)/Developer/Library/Frameworks</string>
					<string>$(inherited)</string>
					<string>$(DEVELOPER_FRAMEWORKS_DIR)</string>
				</array>
				<key>GCC_PRECOMPILE_PREFIX_HEADER</key>
				<string>YES</string>
				<key>GCC_PREFIX_HEADER</key>
				<string>majikichishatter/majikichishatter-Prefix.pch</string>
				<key>INFOPLIST_FILE</key>
				<string>majikichishatterTests/majikichishatterTests-Info.plist</string>
				<key>PRODUCT_NAME</key>
				<string>$(TARGET_NAME)</string>
				<key>TEST_HOST</key>
				<string>$(BUNDLE_LOADER)</string>
				<key>WRAPPER_EXTENSION</key>
				<string>xctest</string>
			</dict>
			<key>isa</key>
			<string>XCBuildConfiguration</string>
			<key>name</key>
			<string>Release</string>
		</dict>
		<key>D4C9400F186BE4EB00669027</key>
		<dict>
			<key>fileEncoding</key>
			<string>4</string>
			<key>isa</key>
			<string>PBXFileReference</string>
			<key>lastKnownFileType</key>
			<string>sourcecode.c.h</string>
			<key>path</key>
			<string>FaceDetection.h</string>
			<key>sourceTree</key>
			<string>&lt;group&gt;</string>
		</dict>
		<key>D4C94010186BE4EB00669027</key>
		<dict>
			<key>fileEncoding</key>
			<string>4</string>
			<key>isa</key>
			<string>PBXFileReference</string>
			<key>lastKnownFileType</key>
			<string>sourcecode.cpp.objcpp</string>
			<key>path</key>
			<string>FaceDetection.mm</string>
			<key>sourceTree</key>
			<string>&lt;group&gt;</string>
		</dict>
		<key>D4C94011186BE4EB00669027</key>
		<dict>
			<key>fileRef</key>
			<string>D4C94010186BE4EB00669027</string>
			<key>isa</key>
			<string>PBXBuildFile</string>
		</dict>
		<key>D4C94012186BE67C00669027</key>
		<dict>
			<key>isa</key>
			<string>PBXFileReference</string>
			<key>lastKnownFileType</key>
			<string>wrapper.framework</string>
			<key>name</key>
			<string>opencv2.framework</string>
			<key>path</key>
			<string>majikichishatter/opencv2.framework</string>
			<key>sourceTree</key>
			<string>&lt;group&gt;</string>
		</dict>
		<key>D4C94013186BE67C00669027</key>
		<dict>
			<key>fileRef</key>
			<string>D4C94012186BE67C00669027</string>
			<key>isa</key>
			<string>PBXBuildFile</string>
		</dict>
		<key>F3E03847D6B9498695562C90</key>
		<dict>
			<key>fileRef</key>
			<string>3C80328A125B4CEAA9D801FD</string>
			<key>isa</key>
			<string>PBXBuildFile</string>
		</dict>
	</dict>
	<key>rootObject</key>
	<string>D4C93FD5186BE45100669027</string>
</dict>
</plist>
