// !$*UTF8*$!
{
	archiveVersion = 1;
	classes = {
	};
	objectVersion = 46;
	objects = {

/* Begin PBXBuildFile section */
		D4CF47DB186BE18500999B00 /* Foundation.framework in Frameworks */ = {isa = PBXBuildFile; fileRef = D4CF47DA186BE18500999B00 /* Foundation.framework */; };
		D4CF47DD186BE18500999B00 /* CoreGraphics.framework in Frameworks */ = {isa = PBXBuildFile; fileRef = D4CF47DC186BE18500999B00 /* CoreGraphics.framework */; };
		D4CF47DF186BE18500999B00 /* UIKit.framework in Frameworks */ = {isa = PBXBuildFile; fileRef = D4CF47DE186BE18500999B00 /* UIKit.framework */; };
		D4CF47E5186BE18500999B00 /* InfoPlist.strings in Resources */ = {isa = PBXBuildFile; fileRef = D4CF47E3186BE18500999B00 /* InfoPlist.strings */; };
		D4CF47E7186BE18500999B00 /* main.m in Sources */ = {isa = PBXBuildFile; fileRef = D4CF47E6186BE18500999B00 /* main.m */; };
		D4CF47EB186BE18500999B00 /* AppDelegate.m in Sources */ = {isa = PBXBuildFile; fileRef = D4CF47EA186BE18500999B00 /* AppDelegate.m */; };
		D4CF47EE186BE18500999B00 /* Main_iPhone.storyboard in Resources */ = {isa = PBXBuildFile; fileRef = D4CF47EC186BE18500999B00 /* Main_iPhone.storyboard */; };
		D4CF47F1186BE18500999B00 /* Main_iPad.storyboard in Resources */ = {isa = PBXBuildFile; fileRef = D4CF47EF186BE18500999B00 /* Main_iPad.storyboard */; };
		D4CF47F4186BE18500999B00 /* ViewController.m in Sources */ = {isa = PBXBuildFile; fileRef = D4CF47F3186BE18500999B00 /* ViewController.m */; };
		D4CF47F6186BE18500999B00 /* Images.xcassets in Resources */ = {isa = PBXBuildFile; fileRef = D4CF47F5186BE18500999B00 /* Images.xcassets */; };
		D4CF47FD186BE18500999B00 /* XCTest.framework in Frameworks */ = {isa = PBXBuildFile; fileRef = D4CF47FC186BE18500999B00 /* XCTest.framework */; };
		D4CF47FE186BE18500999B00 /* Foundation.framework in Frameworks */ = {isa = PBXBuildFile; fileRef = D4CF47DA186BE18500999B00 /* Foundation.framework */; };
		D4CF47FF186BE18500999B00 /* UIKit.framework in Frameworks */ = {isa = PBXBuildFile; fileRef = D4CF47DE186BE18500999B00 /* UIKit.framework */; };
		D4CF4807186BE18500999B00 /* InfoPlist.strings in Resources */ = {isa = PBXBuildFile; fileRef = D4CF4805186BE18500999B00 /* InfoPlist.strings */; };
		D4CF4809186BE18500999B00 /* majikichishatterTests.m in Sources */ = {isa = PBXBuildFile; fileRef = D4CF4808186BE18500999B00 /* majikichishatterTests.m */; };
/* End PBXBuildFile section */

/* Begin PBXContainerItemProxy section */
		D4CF4800186BE18500999B00 /* PBXContainerItemProxy */ = {
			isa = PBXContainerItemProxy;
			containerPortal = D4CF47CF186BE18500999B00 /* Project object */;
			proxyType = 1;
			remoteGlobalIDString = D4CF47D6186BE18500999B00;
			remoteInfo = majikichishatter;
		};
/* End PBXContainerItemProxy section */

/* Begin PBXFileReference section */
		D4CF47D7186BE18500999B00 /* majikichishatter.app */ = {isa = PBXFileReference; explicitFileType = wrapper.application; includeInIndex = 0; path = majikichishatter.app; sourceTree = BUILT_PRODUCTS_DIR; };
		D4CF47DA186BE18500999B00 /* Foundation.framework */ = {isa = PBXFileReference; lastKnownFileType = wrapper.framework; name = Foundation.framework; path = System/Library/Frameworks/Foundation.framework; sourceTree = SDKROOT; };
		D4CF47DC186BE18500999B00 /* CoreGraphics.framework */ = {isa = PBXFileReference; lastKnownFileType = wrapper.framework; name = CoreGraphics.framework; path = System/Library/Frameworks/CoreGraphics.framework; sourceTree = SDKROOT; };
		D4CF47DE186BE18500999B00 /* UIKit.framework */ = {isa = PBXFileReference; lastKnownFileType = wrapper.framework; name = UIKit.framework; path = System/Library/Frameworks/UIKit.framework; sourceTree = SDKROOT; };
		D4CF47E2186BE18500999B00 /* majikichishatter-Info.plist */ = {isa = PBXFileReference; lastKnownFileType = text.plist.xml; path = "majikichishatter-Info.plist"; sourceTree = "<group>"; };
		D4CF47E4186BE18500999B00 /* en */ = {isa = PBXFileReference; lastKnownFileType = text.plist.strings; name = en; path = en.lproj/InfoPlist.strings; sourceTree = "<group>"; };
		D4CF47E6186BE18500999B00 /* main.m */ = {isa = PBXFileReference; lastKnownFileType = sourcecode.c.objc; path = main.m; sourceTree = "<group>"; };
		D4CF47E8186BE18500999B00 /* majikichishatter-Prefix.pch */ = {isa = PBXFileReference; lastKnownFileType = sourcecode.c.h; path = "majikichishatter-Prefix.pch"; sourceTree = "<group>"; };
		D4CF47E9186BE18500999B00 /* AppDelegate.h */ = {isa = PBXFileReference; lastKnownFileType = sourcecode.c.h; path = AppDelegate.h; sourceTree = "<group>"; };
		D4CF47EA186BE18500999B00 /* AppDelegate.m */ = {isa = PBXFileReference; lastKnownFileType = sourcecode.c.objc; path = AppDelegate.m; sourceTree = "<group>"; };
		D4CF47ED186BE18500999B00 /* Base */ = {isa = PBXFileReference; lastKnownFileType = file.storyboard; name = Base; path = Base.lproj/Main_iPhone.storyboard; sourceTree = "<group>"; };
		D4CF47F0186BE18500999B00 /* Base */ = {isa = PBXFileReference; lastKnownFileType = file.storyboard; name = Base; path = Base.lproj/Main_iPad.storyboard; sourceTree = "<group>"; };
		D4CF47F2186BE18500999B00 /* ViewController.h */ = {isa = PBXFileReference; lastKnownFileType = sourcecode.c.h; path = ViewController.h; sourceTree = "<group>"; };
		D4CF47F3186BE18500999B00 /* ViewController.m */ = {isa = PBXFileReference; lastKnownFileType = sourcecode.c.objc; path = ViewController.m; sourceTree = "<group>"; };
		D4CF47F5186BE18500999B00 /* Images.xcassets */ = {isa = PBXFileReference; lastKnownFileType = folder.assetcatalog; path = Images.xcassets; sourceTree = "<group>"; };
		D4CF47FB186BE18500999B00 /* majikichishatterTests.xctest */ = {isa = PBXFileReference; explicitFileType = wrapper.cfbundle; includeInIndex = 0; path = majikichishatterTests.xctest; sourceTree = BUILT_PRODUCTS_DIR; };
		D4CF47FC186BE18500999B00 /* XCTest.framework */ = {isa = PBXFileReference; lastKnownFileType = wrapper.framework; name = XCTest.framework; path = Library/Frameworks/XCTest.framework; sourceTree = DEVELOPER_DIR; };
		D4CF4804186BE18500999B00 /* majikichishatterTests-Info.plist */ = {isa = PBXFileReference; lastKnownFileType = text.plist.xml; path = "majikichishatterTests-Info.plist"; sourceTree = "<group>"; };
		D4CF4806186BE18500999B00 /* en */ = {isa = PBXFileReference; lastKnownFileType = text.plist.strings; name = en; path = en.lproj/InfoPlist.strings; sourceTree = "<group>"; };
		D4CF4808186BE18500999B00 /* majikichishatterTests.m */ = {isa = PBXFileReference; lastKnownFileType = sourcecode.c.objc; path = majikichishatterTests.m; sourceTree = "<group>"; };
/* End PBXFileReference section */

/* Begin PBXFrameworksBuildPhase section */
		D4CF47D4186BE18500999B00 /* Frameworks */ = {
			isa = PBXFrameworksBuildPhase;
			buildActionMask = 2147483647;
			files = (
				D4CF47DD186BE18500999B00 /* CoreGraphics.framework in Frameworks */,
				D4CF47DF186BE18500999B00 /* UIKit.framework in Frameworks */,
				D4CF47DB186BE18500999B00 /* Foundation.framework in Frameworks */,
			);
			runOnlyForDeploymentPostprocessing = 0;
		};
		D4CF47F8186BE18500999B00 /* Frameworks */ = {
			isa = PBXFrameworksBuildPhase;
			buildActionMask = 2147483647;
			files = (
				D4CF47FD186BE18500999B00 /* XCTest.framework in Frameworks */,
				D4CF47FF186BE18500999B00 /* UIKit.framework in Frameworks */,
				D4CF47FE186BE18500999B00 /* Foundation.framework in Frameworks */,
			);
			runOnlyForDeploymentPostprocessing = 0;
		};
/* End PBXFrameworksBuildPhase section */

/* Begin PBXGroup section */
		D4CF47CE186BE18500999B00 = {
			isa = PBXGroup;
			children = (
				D4CF47E0186BE18500999B00 /* majikichishatter */,
				D4CF4802186BE18500999B00 /* majikichishatterTests */,
				D4CF47D9186BE18500999B00 /* Frameworks */,
				D4CF47D8186BE18500999B00 /* Products */,
			);
			sourceTree = "<group>";
		};
		D4CF47D8186BE18500999B00 /* Products */ = {
			isa = PBXGroup;
			children = (
				D4CF47D7186BE18500999B00 /* majikichishatter.app */,
				D4CF47FB186BE18500999B00 /* majikichishatterTests.xctest */,
			);
			name = Products;
			sourceTree = "<group>";
		};
		D4CF47D9186BE18500999B00 /* Frameworks */ = {
			isa = PBXGroup;
			children = (
				D4CF47DA186BE18500999B00 /* Foundation.framework */,
				D4CF47DC186BE18500999B00 /* CoreGraphics.framework */,
				D4CF47DE186BE18500999B00 /* UIKit.framework */,
				D4CF47FC186BE18500999B00 /* XCTest.framework */,
			);
			name = Frameworks;
			sourceTree = "<group>";
		};
		D4CF47E0186BE18500999B00 /* majikichishatter */ = {
			isa = PBXGroup;
			children = (
				D4CF47E9186BE18500999B00 /* AppDelegate.h */,
				D4CF47EA186BE18500999B00 /* AppDelegate.m */,
				D4CF47EC186BE18500999B00 /* Main_iPhone.storyboard */,
				D4CF47EF186BE18500999B00 /* Main_iPad.storyboard */,
				D4CF47F2186BE18500999B00 /* ViewController.h */,
				D4CF47F3186BE18500999B00 /* ViewController.m */,
				D4CF47F5186BE18500999B00 /* Images.xcassets */,
				D4CF47E1186BE18500999B00 /* Supporting Files */,
			);
			path = majikichishatter;
			sourceTree = "<group>";
		};
		D4CF47E1186BE18500999B00 /* Supporting Files */ = {
			isa = PBXGroup;
			children = (
				D4CF47E2186BE18500999B00 /* majikichishatter-Info.plist */,
				D4CF47E3186BE18500999B00 /* InfoPlist.strings */,
				D4CF47E6186BE18500999B00 /* main.m */,
				D4CF47E8186BE18500999B00 /* majikichishatter-Prefix.pch */,
			);
			name = "Supporting Files";
			sourceTree = "<group>";
		};
		D4CF4802186BE18500999B00 /* majikichishatterTests */ = {
			isa = PBXGroup;
			children = (
				D4CF4808186BE18500999B00 /* majikichishatterTests.m */,
				D4CF4803186BE18500999B00 /* Supporting Files */,
			);
			path = majikichishatterTests;
			sourceTree = "<group>";
		};
		D4CF4803186BE18500999B00 /* Supporting Files */ = {
			isa = PBXGroup;
			children = (
				D4CF4804186BE18500999B00 /* majikichishatterTests-Info.plist */,
				D4CF4805186BE18500999B00 /* InfoPlist.strings */,
			);
			name = "Supporting Files";
			sourceTree = "<group>";
		};
/* End PBXGroup section */

/* Begin PBXNativeTarget section */
		D4CF47D6186BE18500999B00 /* majikichishatter */ = {
			isa = PBXNativeTarget;
			buildConfigurationList = D4CF480C186BE18500999B00 /* Build configuration list for PBXNativeTarget "majikichishatter" */;
			buildPhases = (
				D4CF47D3186BE18500999B00 /* Sources */,
				D4CF47D4186BE18500999B00 /* Frameworks */,
				D4CF47D5186BE18500999B00 /* Resources */,
			);
			buildRules = (
			);
			dependencies = (
			);
			name = majikichishatter;
			productName = majikichishatter;
			productReference = D4CF47D7186BE18500999B00 /* majikichishatter.app */;
			productType = "com.apple.product-type.application";
		};
		D4CF47FA186BE18500999B00 /* majikichishatterTests */ = {
			isa = PBXNativeTarget;
			buildConfigurationList = D4CF480F186BE18500999B00 /* Build configuration list for PBXNativeTarget "majikichishatterTests" */;
			buildPhases = (
				D4CF47F7186BE18500999B00 /* Sources */,
				D4CF47F8186BE18500999B00 /* Frameworks */,
				D4CF47F9186BE18500999B00 /* Resources */,
			);
			buildRules = (
			);
			dependencies = (
				D4CF4801186BE18500999B00 /* PBXTargetDependency */,
			);
			name = majikichishatterTests;
			productName = majikichishatterTests;
			productReference = D4CF47FB186BE18500999B00 /* majikichishatterTests.xctest */;
			productType = "com.apple.product-type.bundle.unit-test";
		};
/* End PBXNativeTarget section */

/* Begin PBXProject section */
		D4CF47CF186BE18500999B00 /* Project object */ = {
			isa = PBXProject;
			attributes = {
				LastUpgradeCheck = 0500;
				ORGANIZATIONNAME = "Kazuki Taniguchi";
				TargetAttributes = {
					D4CF47FA186BE18500999B00 = {
						TestTargetID = D4CF47D6186BE18500999B00;
					};
				};
			};
			buildConfigurationList = D4CF47D2186BE18500999B00 /* Build configuration list for PBXProject "majikichishatter" */;
			compatibilityVersion = "Xcode 3.2";
			developmentRegion = English;
			hasScannedForEncodings = 0;
			knownRegions = (
				en,
				Base,
			);
			mainGroup = D4CF47CE186BE18500999B00;
			productRefGroup = D4CF47D8186BE18500999B00 /* Products */;
			projectDirPath = "";
			projectRoot = "";
			targets = (
				D4CF47D6186BE18500999B00 /* majikichishatter */,
				D4CF47FA186BE18500999B00 /* majikichishatterTests */,
			);
		};
/* End PBXProject section */

/* Begin PBXResourcesBuildPhase section */
		D4CF47D5186BE18500999B00 /* Resources */ = {
			isa = PBXResourcesBuildPhase;
			buildActionMask = 2147483647;
			files = (
				D4CF47F1186BE18500999B00 /* Main_iPad.storyboard in Resources */,
				D4CF47F6186BE18500999B00 /* Images.xcassets in Resources */,
				D4CF47EE186BE18500999B00 /* Main_iPhone.storyboard in Resources */,
				D4CF47E5186BE18500999B00 /* InfoPlist.strings in Resources */,
			);
			runOnlyForDeploymentPostprocessing = 0;
		};
		D4CF47F9186BE18500999B00 /* Resources */ = {
			isa = PBXResourcesBuildPhase;
			buildActionMask = 2147483647;
			files = (
				D4CF4807186BE18500999B00 /* InfoPlist.strings in Resources */,
			);
			runOnlyForDeploymentPostprocessing = 0;
		};
/* End PBXResourcesBuildPhase section */

/* Begin PBXSourcesBuildPhase section */
		D4CF47D3186BE18500999B00 /* Sources */ = {
			isa = PBXSourcesBuildPhase;
			buildActionMask = 2147483647;
			files = (
				D4CF47F4186BE18500999B00 /* ViewController.m in Sources */,
				D4CF47EB186BE18500999B00 /* AppDelegate.m in Sources */,
				D4CF47E7186BE18500999B00 /* main.m in Sources */,
			);
			runOnlyForDeploymentPostprocessing = 0;
		};
		D4CF47F7186BE18500999B00 /* Sources */ = {
			isa = PBXSourcesBuildPhase;
			buildActionMask = 2147483647;
			files = (
				D4CF4809186BE18500999B00 /* majikichishatterTests.m in Sources */,
			);
			runOnlyForDeploymentPostprocessing = 0;
		};
/* End PBXSourcesBuildPhase section */

/* Begin PBXTargetDependency section */
		D4CF4801186BE18500999B00 /* PBXTargetDependency */ = {
			isa = PBXTargetDependency;
			target = D4CF47D6186BE18500999B00 /* majikichishatter */;
			targetProxy = D4CF4800186BE18500999B00 /* PBXContainerItemProxy */;
		};
/* End PBXTargetDependency section */

/* Begin PBXVariantGroup section */
		D4CF47E3186BE18500999B00 /* InfoPlist.strings */ = {
			isa = PBXVariantGroup;
			children = (
				D4CF47E4186BE18500999B00 /* en */,
			);
			name = InfoPlist.strings;
			sourceTree = "<group>";
		};
		D4CF47EC186BE18500999B00 /* Main_iPhone.storyboard */ = {
			isa = PBXVariantGroup;
			children = (
				D4CF47ED186BE18500999B00 /* Base */,
			);
			name = Main_iPhone.storyboard;
			sourceTree = "<group>";
		};
		D4CF47EF186BE18500999B00 /* Main_iPad.storyboard */ = {
			isa = PBXVariantGroup;
			children = (
				D4CF47F0186BE18500999B00 /* Base */,
			);
			name = Main_iPad.storyboard;
			sourceTree = "<group>";
		};
		D4CF4805186BE18500999B00 /* InfoPlist.strings */ = {
			isa = PBXVariantGroup;
			children = (
				D4CF4806186BE18500999B00 /* en */,
			);
			name = InfoPlist.strings;
			sourceTree = "<group>";
		};
/* End PBXVariantGroup section */

/* Begin XCBuildConfiguration section */
		D4CF480A186BE18500999B00 /* Debug */ = {
			isa = XCBuildConfiguration;
			buildSettings = {
				ALWAYS_SEARCH_USER_PATHS = NO;
				ARCHS = "$(ARCHS_STANDARD_INCLUDING_64_BIT)";
				CLANG_CXX_LANGUAGE_STANDARD = "gnu++0x";
				CLANG_CXX_LIBRARY = "libc++";
				CLANG_ENABLE_MODULES = YES;
				CLANG_ENABLE_OBJC_ARC = YES;
				CLANG_WARN_BOOL_CONVERSION = YES;
				CLANG_WARN_CONSTANT_CONVERSION = YES;
				CLANG_WARN_DIRECT_OBJC_ISA_USAGE = YES_ERROR;
				CLANG_WARN_EMPTY_BODY = YES;
				CLANG_WARN_ENUM_CONVERSION = YES;
				CLANG_WARN_INT_CONVERSION = YES;
				CLANG_WARN_OBJC_ROOT_CLASS = YES_ERROR;
				CLANG_WARN__DUPLICATE_METHOD_MATCH = YES;
				"CODE_SIGN_IDENTITY[sdk=iphoneos*]" = "iPhone Developer";
				COPY_PHASE_STRIP = NO;
				GCC_C_LANGUAGE_STANDARD = gnu99;
				GCC_DYNAMIC_NO_PIC = NO;
				GCC_OPTIMIZATION_LEVEL = 0;
				GCC_PREPROCESSOR_DEFINITIONS = (
					"DEBUG=1",
					"$(inherited)",
				);
				GCC_SYMBOLS_PRIVATE_EXTERN = NO;
				GCC_WARN_64_TO_32_BIT_CONVERSION = YES;
				GCC_WARN_ABOUT_RETURN_TYPE = YES_ERROR;
				GCC_WARN_UNDECLARED_SELECTOR = YES;
				GCC_WARN_UNINITIALIZED_AUTOS = YES;
				GCC_WARN_UNUSED_FUNCTION = YES;
				GCC_WARN_UNUSED_VARIABLE = YES;
				IPHONEOS_DEPLOYMENT_TARGET = 7.0;
				ONLY_ACTIVE_ARCH = YES;
				SDKROOT = iphoneos;
				TARGETED_DEVICE_FAMILY = "1,2";
			};
			name = Debug;
		};
		D4CF480B186BE18500999B00 /* Release */ = {
			isa = XCBuildConfiguration;
			buildSettings = {
				ALWAYS_SEARCH_USER_PATHS = NO;
				ARCHS = "$(ARCHS_STANDARD_INCLUDING_64_BIT)";
				CLANG_CXX_LANGUAGE_STANDARD = "gnu++0x";
				CLANG_CXX_LIBRARY = "libc++";
				CLANG_ENABLE_MODULES = YES;
				CLANG_ENABLE_OBJC_ARC = YES;
				CLANG_WARN_BOOL_CONVERSION = YES;
				CLANG_WARN_CONSTANT_CONVERSION = YES;
				CLANG_WARN_DIRECT_OBJC_ISA_USAGE = YES_ERROR;
				CLANG_WARN_EMPTY_BODY = YES;
				CLANG_WARN_ENUM_CONVERSION = YES;
				CLANG_WARN_INT_CONVERSION = YES;
				CLANG_WARN_OBJC_ROOT_CLASS = YES_ERROR;
				CLANG_WARN__DUPLICATE_METHOD_MATCH = YES;
				"CODE_SIGN_IDENTITY[sdk=iphoneos*]" = "iPhone Developer";
				COPY_PHASE_STRIP = YES;
				ENABLE_NS_ASSERTIONS = NO;
				GCC_C_LANGUAGE_STANDARD = gnu99;
				GCC_WARN_64_TO_32_BIT_CONVERSION = YES;
				GCC_WARN_ABOUT_RETURN_TYPE = YES_ERROR;
				GCC_WARN_UNDECLARED_SELECTOR = YES;
				GCC_WARN_UNINITIALIZED_AUTOS = YES;
				GCC_WARN_UNUSED_FUNCTION = YES;
				GCC_WARN_UNUSED_VARIABLE = YES;
				IPHONEOS_DEPLOYMENT_TARGET = 7.0;
				SDKROOT = iphoneos;
				TARGETED_DEVICE_FAMILY = "1,2";
				VALIDATE_PRODUCT = YES;
			};
			name = Release;
		};
		D4CF480D186BE18500999B00 /* Debug */ = {
			isa = XCBuildConfiguration;
			buildSettings = {
				ASSETCATALOG_COMPILER_APPICON_NAME = AppIcon;
				ASSETCATALOG_COMPILER_LAUNCHIMAGE_NAME = LaunchImage;
				GCC_PRECOMPILE_PREFIX_HEADER = YES;
				GCC_PREFIX_HEADER = "majikichishatter/majikichishatter-Prefix.pch";
				INFOPLIST_FILE = "majikichishatter/majikichishatter-Info.plist";
				PRODUCT_NAME = "$(TARGET_NAME)";
				WRAPPER_EXTENSION = app;
			};
			name = Debug;
		};
		D4CF480E186BE18500999B00 /* Release */ = {
			isa = XCBuildConfiguration;
			buildSettings = {
				ASSETCATALOG_COMPILER_APPICON_NAME = AppIcon;
				ASSETCATALOG_COMPILER_LAUNCHIMAGE_NAME = LaunchImage;
				GCC_PRECOMPILE_PREFIX_HEADER = YES;
				GCC_PREFIX_HEADER = "majikichishatter/majikichishatter-Prefix.pch";
				INFOPLIST_FILE = "majikichishatter/majikichishatter-Info.plist";
				PRODUCT_NAME = "$(TARGET_NAME)";
				WRAPPER_EXTENSION = app;
			};
			name = Release;
		};
		D4CF4810186BE18500999B00 /* Debug */ = {
			isa = XCBuildConfiguration;
			buildSettings = {
				ARCHS = "$(ARCHS_STANDARD_INCLUDING_64_BIT)";
				BUNDLE_LOADER = "$(BUILT_PRODUCTS_DIR)/majikichishatter.app/majikichishatter";
				FRAMEWORK_SEARCH_PATHS = (
					"$(SDKROOT)/Developer/Library/Frameworks",
					"$(inherited)",
					"$(DEVELOPER_FRAMEWORKS_DIR)",
				);
				GCC_PRECOMPILE_PREFIX_HEADER = YES;
				GCC_PREFIX_HEADER = "majikichishatter/majikichishatter-Prefix.pch";
				GCC_PREPROCESSOR_DEFINITIONS = (
					"DEBUG=1",
					"$(inherited)",
				);
				INFOPLIST_FILE = "majikichishatterTests/majikichishatterTests-Info.plist";
				PRODUCT_NAME = "$(TARGET_NAME)";
				TEST_HOST = "$(BUNDLE_LOADER)";
				WRAPPER_EXTENSION = xctest;
			};
			name = Debug;
		};
		D4CF4811186BE18500999B00 /* Release */ = {
			isa = XCBuildConfiguration;
			buildSettings = {
				ARCHS = "$(ARCHS_STANDARD_INCLUDING_64_BIT)";
				BUNDLE_LOADER = "$(BUILT_PRODUCTS_DIR)/majikichishatter.app/majikichishatter";
				FRAMEWORK_SEARCH_PATHS = (
					"$(SDKROOT)/Developer/Library/Frameworks",
					"$(inherited)",
					"$(DEVELOPER_FRAMEWORKS_DIR)",
				);
				GCC_PRECOMPILE_PREFIX_HEADER = YES;
				GCC_PREFIX_HEADER = "majikichishatter/majikichishatter-Prefix.pch";
				INFOPLIST_FILE = "majikichishatterTests/majikichishatterTests-Info.plist";
				PRODUCT_NAME = "$(TARGET_NAME)";
				TEST_HOST = "$(BUNDLE_LOADER)";
				WRAPPER_EXTENSION = xctest;
			};
			name = Release;
		};
/* End XCBuildConfiguration section */

/* Begin XCConfigurationList section */
		D4CF47D2186BE18500999B00 /* Build configuration list for PBXProject "majikichishatter" */ = {
			isa = XCConfigurationList;
			buildConfigurations = (
				D4CF480A186BE18500999B00 /* Debug */,
				D4CF480B186BE18500999B00 /* Release */,
			);
			defaultConfigurationIsVisible = 0;
			defaultConfigurationName = Release;
		};
		D4CF480C186BE18500999B00 /* Build configuration list for PBXNativeTarget "majikichishatter" */ = {
			isa = XCConfigurationList;
			buildConfigurations = (
				D4CF480D186BE18500999B00 /* Debug */,
				D4CF480E186BE18500999B00 /* Release */,
			);
			defaultConfigurationIsVisible = 0;
		};
		D4CF480F186BE18500999B00 /* Build configuration list for PBXNativeTarget "majikichishatterTests" */ = {
			isa = XCConfigurationList;
			buildConfigurations = (
				D4CF4810186BE18500999B00 /* Debug */,
				D4CF4811186BE18500999B00 /* Release */,
			);
			defaultConfigurationIsVisible = 0;
		};
/* End XCConfigurationList section */
	};
	rootObject = D4CF47CF186BE18500999B00 /* Project object */;
}
